// !$*UTF8*$!
{
	archiveVersion = 1;
	classes = {
	};
	objectVersion = 56;
	objects = {

/* Begin PBXBuildFile section */
		4783EEDB2A67264E00719C41 /* LoadingIndicatorsWrappers.swift in Sources */ = {isa = PBXBuildFile; fileRef = 4783EEDA2A67264E00719C41 /* LoadingIndicatorsWrappers.swift */; };
		4783EEDD2A6726C800719C41 /* TextWidgetsWrapper.swift in Sources */ = {isa = PBXBuildFile; fileRef = 4783EEDC2A6726C700719C41 /* TextWidgetsWrapper.swift */; };
		47AB23AE2A6981F4004EE5C7 /* SimpleScreenWrapper.swift in Sources */ = {isa = PBXBuildFile; fileRef = 47AB23AD2A6981F4004EE5C7 /* SimpleScreenWrapper.swift */; };
		47D817DB2A65EECC00B63EC9 /* sample_app_iosApp.swift in Sources */ = {isa = PBXBuildFile; fileRef = 47D817DA2A65EECC00B63EC9 /* sample_app_iosApp.swift */; };
		47D817DD2A65EECC00B63EC9 /* ContentView.swift in Sources */ = {isa = PBXBuildFile; fileRef = 47D817DC2A65EECC00B63EC9 /* ContentView.swift */; };
		47D817DF2A65EECD00B63EC9 /* Assets.xcassets in Resources */ = {isa = PBXBuildFile; fileRef = 47D817DE2A65EECD00B63EC9 /* Assets.xcassets */; };
		47D817E22A65EECD00B63EC9 /* Preview Assets.xcassets in Resources */ = {isa = PBXBuildFile; fileRef = 47D817E12A65EECD00B63EC9 /* Preview Assets.xcassets */; };
		47D817EC2A65EECD00B63EC9 /* sample_app_iosTests.swift in Sources */ = {isa = PBXBuildFile; fileRef = 47D817EB2A65EECD00B63EC9 /* sample_app_iosTests.swift */; };
		47D817F62A65EECD00B63EC9 /* sample_app_iosUITests.swift in Sources */ = {isa = PBXBuildFile; fileRef = 47D817F52A65EECD00B63EC9 /* sample_app_iosUITests.swift */; };
		47D817F82A65EECD00B63EC9 /* sample_app_iosUITestsLaunchTests.swift in Sources */ = {isa = PBXBuildFile; fileRef = 47D817F72A65EECD00B63EC9 /* sample_app_iosUITestsLaunchTests.swift */; };
		7DA0369E3EA52D7D5F67FBCA /* Pods_sample_app_ios_sample_app_iosUITests.framework in Frameworks */ = {isa = PBXBuildFile; fileRef = 251ABC94AE85A2A610FFDF17 /* Pods_sample_app_ios_sample_app_iosUITests.framework */; };
		91EC0991B4AD8CE9FED74D48 /* Pods_sample_app_iosTests.framework in Frameworks */ = {isa = PBXBuildFile; fileRef = B93B5110A85B13538E61C548 /* Pods_sample_app_iosTests.framework */; };
		E9315383FCF4B828D29EE0CA /* Pods_sample_app_ios.framework in Frameworks */ = {isa = PBXBuildFile; fileRef = D8EA953FFD7FC9BBBAFF3D57 /* Pods_sample_app_ios.framework */; };
/* End PBXBuildFile section */

/* Begin PBXContainerItemProxy section */
		47D817E82A65EECD00B63EC9 /* PBXContainerItemProxy */ = {
			isa = PBXContainerItemProxy;
			containerPortal = 47D817CF2A65EECC00B63EC9 /* Project object */;
			proxyType = 1;
			remoteGlobalIDString = 47D817D62A65EECC00B63EC9;
			remoteInfo = "sample-app-ios";
		};
		47D817F22A65EECD00B63EC9 /* PBXContainerItemProxy */ = {
			isa = PBXContainerItemProxy;
			containerPortal = 47D817CF2A65EECC00B63EC9 /* Project object */;
			proxyType = 1;
			remoteGlobalIDString = 47D817D62A65EECC00B63EC9;
			remoteInfo = "sample-app-ios";
		};
/* End PBXContainerItemProxy section */

/* Begin PBXFileReference section */
		05452263A974589304833811 /* Pods-sample-app-ios-sample-app-iosUITests.debug.xcconfig */ = {isa = PBXFileReference; includeInIndex = 1; lastKnownFileType = text.xcconfig; name = "Pods-sample-app-ios-sample-app-iosUITests.debug.xcconfig"; path = "Target Support Files/Pods-sample-app-ios-sample-app-iosUITests/Pods-sample-app-ios-sample-app-iosUITests.debug.xcconfig"; sourceTree = "<group>"; };
		0F498C73A71C19CD64937C1D /* Pods-sample-app-ios.debug.xcconfig */ = {isa = PBXFileReference; includeInIndex = 1; lastKnownFileType = text.xcconfig; name = "Pods-sample-app-ios.debug.xcconfig"; path = "Target Support Files/Pods-sample-app-ios/Pods-sample-app-ios.debug.xcconfig"; sourceTree = "<group>"; };
		251ABC94AE85A2A610FFDF17 /* Pods_sample_app_ios_sample_app_iosUITests.framework */ = {isa = PBXFileReference; explicitFileType = wrapper.framework; includeInIndex = 0; path = Pods_sample_app_ios_sample_app_iosUITests.framework; sourceTree = BUILT_PRODUCTS_DIR; };
		4783EEDA2A67264E00719C41 /* LoadingIndicatorsWrappers.swift */ = {isa = PBXFileReference; lastKnownFileType = sourcecode.swift; path = LoadingIndicatorsWrappers.swift; sourceTree = "<group>"; };
		4783EEDC2A6726C700719C41 /* TextWidgetsWrapper.swift */ = {isa = PBXFileReference; lastKnownFileType = sourcecode.swift; path = TextWidgetsWrapper.swift; sourceTree = "<group>"; };
		47AB23AD2A6981F4004EE5C7 /* SimpleScreenWrapper.swift */ = {isa = PBXFileReference; lastKnownFileType = sourcecode.swift; path = SimpleScreenWrapper.swift; sourceTree = "<group>"; };
		47D817D72A65EECC00B63EC9 /* sample-app-ios.app */ = {isa = PBXFileReference; explicitFileType = wrapper.application; includeInIndex = 0; path = "sample-app-ios.app"; sourceTree = BUILT_PRODUCTS_DIR; };
		47D817DA2A65EECC00B63EC9 /* sample_app_iosApp.swift */ = {isa = PBXFileReference; lastKnownFileType = sourcecode.swift; path = sample_app_iosApp.swift; sourceTree = "<group>"; };
		47D817DC2A65EECC00B63EC9 /* ContentView.swift */ = {isa = PBXFileReference; lastKnownFileType = sourcecode.swift; path = ContentView.swift; sourceTree = "<group>"; };
		47D817DE2A65EECD00B63EC9 /* Assets.xcassets */ = {isa = PBXFileReference; lastKnownFileType = folder.assetcatalog; path = Assets.xcassets; sourceTree = "<group>"; };
		47D817E12A65EECD00B63EC9 /* Preview Assets.xcassets */ = {isa = PBXFileReference; lastKnownFileType = folder.assetcatalog; path = "Preview Assets.xcassets"; sourceTree = "<group>"; };
		47D817E72A65EECD00B63EC9 /* sample-app-iosTests.xctest */ = {isa = PBXFileReference; explicitFileType = wrapper.cfbundle; includeInIndex = 0; path = "sample-app-iosTests.xctest"; sourceTree = BUILT_PRODUCTS_DIR; };
		47D817EB2A65EECD00B63EC9 /* sample_app_iosTests.swift */ = {isa = PBXFileReference; lastKnownFileType = sourcecode.swift; path = sample_app_iosTests.swift; sourceTree = "<group>"; };
		47D817F12A65EECD00B63EC9 /* sample-app-iosUITests.xctest */ = {isa = PBXFileReference; explicitFileType = wrapper.cfbundle; includeInIndex = 0; path = "sample-app-iosUITests.xctest"; sourceTree = BUILT_PRODUCTS_DIR; };
		47D817F52A65EECD00B63EC9 /* sample_app_iosUITests.swift */ = {isa = PBXFileReference; lastKnownFileType = sourcecode.swift; path = sample_app_iosUITests.swift; sourceTree = "<group>"; };
		47D817F72A65EECD00B63EC9 /* sample_app_iosUITestsLaunchTests.swift */ = {isa = PBXFileReference; lastKnownFileType = sourcecode.swift; path = sample_app_iosUITestsLaunchTests.swift; sourceTree = "<group>"; };
		61D9057760E045C4ACC1373F /* Pods-sample-app-iosTests.debug.xcconfig */ = {isa = PBXFileReference; includeInIndex = 1; lastKnownFileType = text.xcconfig; name = "Pods-sample-app-iosTests.debug.xcconfig"; path = "Target Support Files/Pods-sample-app-iosTests/Pods-sample-app-iosTests.debug.xcconfig"; sourceTree = "<group>"; };
		717F4199C6E997FC7E00EF3C /* Pods-sample-app-ios-sample-app-iosUITests.release.xcconfig */ = {isa = PBXFileReference; includeInIndex = 1; lastKnownFileType = text.xcconfig; name = "Pods-sample-app-ios-sample-app-iosUITests.release.xcconfig"; path = "Target Support Files/Pods-sample-app-ios-sample-app-iosUITests/Pods-sample-app-ios-sample-app-iosUITests.release.xcconfig"; sourceTree = "<group>"; };
		B93B5110A85B13538E61C548 /* Pods_sample_app_iosTests.framework */ = {isa = PBXFileReference; explicitFileType = wrapper.framework; includeInIndex = 0; path = Pods_sample_app_iosTests.framework; sourceTree = BUILT_PRODUCTS_DIR; };
		D8EA953FFD7FC9BBBAFF3D57 /* Pods_sample_app_ios.framework */ = {isa = PBXFileReference; explicitFileType = wrapper.framework; includeInIndex = 0; path = Pods_sample_app_ios.framework; sourceTree = BUILT_PRODUCTS_DIR; };
		F10B1F31B6A62D25261C23F0 /* Pods-sample-app-ios.release.xcconfig */ = {isa = PBXFileReference; includeInIndex = 1; lastKnownFileType = text.xcconfig; name = "Pods-sample-app-ios.release.xcconfig"; path = "Target Support Files/Pods-sample-app-ios/Pods-sample-app-ios.release.xcconfig"; sourceTree = "<group>"; };
		F81977EFEA94C26F049DD925 /* Pods-sample-app-iosTests.release.xcconfig */ = {isa = PBXFileReference; includeInIndex = 1; lastKnownFileType = text.xcconfig; name = "Pods-sample-app-iosTests.release.xcconfig"; path = "Target Support Files/Pods-sample-app-iosTests/Pods-sample-app-iosTests.release.xcconfig"; sourceTree = "<group>"; };
/* End PBXFileReference section */

/* Begin PBXFrameworksBuildPhase section */
		47D817D42A65EECC00B63EC9 /* Frameworks */ = {
			isa = PBXFrameworksBuildPhase;
			buildActionMask = 2147483647;
			files = (
				E9315383FCF4B828D29EE0CA /* Pods_sample_app_ios.framework in Frameworks */,
			);
			runOnlyForDeploymentPostprocessing = 0;
		};
		47D817E42A65EECD00B63EC9 /* Frameworks */ = {
			isa = PBXFrameworksBuildPhase;
			buildActionMask = 2147483647;
			files = (
				91EC0991B4AD8CE9FED74D48 /* Pods_sample_app_iosTests.framework in Frameworks */,
			);
			runOnlyForDeploymentPostprocessing = 0;
		};
		47D817EE2A65EECD00B63EC9 /* Frameworks */ = {
			isa = PBXFrameworksBuildPhase;
			buildActionMask = 2147483647;
			files = (
				7DA0369E3EA52D7D5F67FBCA /* Pods_sample_app_ios_sample_app_iosUITests.framework in Frameworks */,
			);
			runOnlyForDeploymentPostprocessing = 0;
		};
/* End PBXFrameworksBuildPhase section */

/* Begin PBXGroup section */
		0F6AFE1212E268336A4309BC /* Pods */ = {
			isa = PBXGroup;
			children = (
				0F498C73A71C19CD64937C1D /* Pods-sample-app-ios.debug.xcconfig */,
				F10B1F31B6A62D25261C23F0 /* Pods-sample-app-ios.release.xcconfig */,
				05452263A974589304833811 /* Pods-sample-app-ios-sample-app-iosUITests.debug.xcconfig */,
				717F4199C6E997FC7E00EF3C /* Pods-sample-app-ios-sample-app-iosUITests.release.xcconfig */,
				61D9057760E045C4ACC1373F /* Pods-sample-app-iosTests.debug.xcconfig */,
				F81977EFEA94C26F049DD925 /* Pods-sample-app-iosTests.release.xcconfig */,
			);
			path = Pods;
			sourceTree = "<group>";
		};
		4783EED92A67262800719C41 /* compose-wrappers */ = {
			isa = PBXGroup;
			children = (
				4783EEDA2A67264E00719C41 /* LoadingIndicatorsWrappers.swift */,
				4783EEDC2A6726C700719C41 /* TextWidgetsWrapper.swift */,
				47AB23AD2A6981F4004EE5C7 /* SimpleScreenWrapper.swift */,
			);
			path = "compose-wrappers";
			sourceTree = "<group>";
		};
		47D817CE2A65EECC00B63EC9 = {
			isa = PBXGroup;
			children = (
				47D817D92A65EECC00B63EC9 /* sample-app-ios */,
				47D817EA2A65EECD00B63EC9 /* sample-app-iosTests */,
				47D817F42A65EECD00B63EC9 /* sample-app-iosUITests */,
				47D817D82A65EECC00B63EC9 /* Products */,
				0F6AFE1212E268336A4309BC /* Pods */,
				A3B3192A387E0F30A0817E46 /* Frameworks */,
			);
			sourceTree = "<group>";
		};
		47D817D82A65EECC00B63EC9 /* Products */ = {
			isa = PBXGroup;
			children = (
				47D817D72A65EECC00B63EC9 /* sample-app-ios.app */,
				47D817E72A65EECD00B63EC9 /* sample-app-iosTests.xctest */,
				47D817F12A65EECD00B63EC9 /* sample-app-iosUITests.xctest */,
			);
			name = Products;
			sourceTree = "<group>";
		};
		47D817D92A65EECC00B63EC9 /* sample-app-ios */ = {
			isa = PBXGroup;
			children = (
				4783EED92A67262800719C41 /* compose-wrappers */,
				47D817DA2A65EECC00B63EC9 /* sample_app_iosApp.swift */,
				47D817DC2A65EECC00B63EC9 /* ContentView.swift */,
				47D817DE2A65EECD00B63EC9 /* Assets.xcassets */,
				47D817E02A65EECD00B63EC9 /* Preview Content */,
			);
			path = "sample-app-ios";
			sourceTree = "<group>";
		};
		47D817E02A65EECD00B63EC9 /* Preview Content */ = {
			isa = PBXGroup;
			children = (
				47D817E12A65EECD00B63EC9 /* Preview Assets.xcassets */,
			);
			path = "Preview Content";
			sourceTree = "<group>";
		};
		47D817EA2A65EECD00B63EC9 /* sample-app-iosTests */ = {
			isa = PBXGroup;
			children = (
				47D817EB2A65EECD00B63EC9 /* sample_app_iosTests.swift */,
			);
			path = "sample-app-iosTests";
			sourceTree = "<group>";
		};
		47D817F42A65EECD00B63EC9 /* sample-app-iosUITests */ = {
			isa = PBXGroup;
			children = (
				47D817F52A65EECD00B63EC9 /* sample_app_iosUITests.swift */,
				47D817F72A65EECD00B63EC9 /* sample_app_iosUITestsLaunchTests.swift */,
			);
			path = "sample-app-iosUITests";
			sourceTree = "<group>";
		};
		A3B3192A387E0F30A0817E46 /* Frameworks */ = {
			isa = PBXGroup;
			children = (
				D8EA953FFD7FC9BBBAFF3D57 /* Pods_sample_app_ios.framework */,
				251ABC94AE85A2A610FFDF17 /* Pods_sample_app_ios_sample_app_iosUITests.framework */,
				B93B5110A85B13538E61C548 /* Pods_sample_app_iosTests.framework */,
			);
			name = Frameworks;
			sourceTree = "<group>";
		};
/* End PBXGroup section */

/* Begin PBXNativeTarget section */
		47D817D62A65EECC00B63EC9 /* sample-app-ios */ = {
			isa = PBXNativeTarget;
			buildConfigurationList = 47D817FB2A65EECD00B63EC9 /* Build configuration list for PBXNativeTarget "sample-app-ios" */;
			buildPhases = (
				0CE54C54EC0878BDE3FEC7A2 /* [CP] Check Pods Manifest.lock */,
				47D817D32A65EECC00B63EC9 /* Sources */,
				47D817D42A65EECC00B63EC9 /* Frameworks */,
				47D817D52A65EECC00B63EC9 /* Resources */,
			);
			buildRules = (
			);
			dependencies = (
			);
			name = "sample-app-ios";
			productName = "sample-app-ios";
			productReference = 47D817D72A65EECC00B63EC9 /* sample-app-ios.app */;
			productType = "com.apple.product-type.application";
		};
		47D817E62A65EECD00B63EC9 /* sample-app-iosTests */ = {
			isa = PBXNativeTarget;
			buildConfigurationList = 47D817FE2A65EECD00B63EC9 /* Build configuration list for PBXNativeTarget "sample-app-iosTests" */;
			buildPhases = (
				E1FB8E3E15BABFAF4901459B /* [CP] Check Pods Manifest.lock */,
				47D817E32A65EECD00B63EC9 /* Sources */,
				47D817E42A65EECD00B63EC9 /* Frameworks */,
				47D817E52A65EECD00B63EC9 /* Resources */,
			);
			buildRules = (
			);
			dependencies = (
				47D817E92A65EECD00B63EC9 /* PBXTargetDependency */,
			);
			name = "sample-app-iosTests";
			productName = "sample-app-iosTests";
			productReference = 47D817E72A65EECD00B63EC9 /* sample-app-iosTests.xctest */;
			productType = "com.apple.product-type.bundle.unit-test";
		};
		47D817F02A65EECD00B63EC9 /* sample-app-iosUITests */ = {
			isa = PBXNativeTarget;
			buildConfigurationList = 47D818012A65EECD00B63EC9 /* Build configuration list for PBXNativeTarget "sample-app-iosUITests" */;
			buildPhases = (
				0D00987EA7FA2C36E4D87CDA /* [CP] Check Pods Manifest.lock */,
				47D817ED2A65EECD00B63EC9 /* Sources */,
				47D817EE2A65EECD00B63EC9 /* Frameworks */,
				47D817EF2A65EECD00B63EC9 /* Resources */,
			);
			buildRules = (
			);
			dependencies = (
				47D817F32A65EECD00B63EC9 /* PBXTargetDependency */,
			);
			name = "sample-app-iosUITests";
			productName = "sample-app-iosUITests";
			productReference = 47D817F12A65EECD00B63EC9 /* sample-app-iosUITests.xctest */;
			productType = "com.apple.product-type.bundle.ui-testing";
		};
/* End PBXNativeTarget section */

/* Begin PBXProject section */
		47D817CF2A65EECC00B63EC9 /* Project object */ = {
			isa = PBXProject;
			attributes = {
				BuildIndependentTargetsInParallel = 1;
				LastSwiftUpdateCheck = 1410;
				LastUpgradeCheck = 1410;
				TargetAttributes = {
					47D817D62A65EECC00B63EC9 = {
						CreatedOnToolsVersion = 14.1;
					};
					47D817E62A65EECD00B63EC9 = {
						CreatedOnToolsVersion = 14.1;
						TestTargetID = 47D817D62A65EECC00B63EC9;
					};
					47D817F02A65EECD00B63EC9 = {
						CreatedOnToolsVersion = 14.1;
						TestTargetID = 47D817D62A65EECC00B63EC9;
					};
				};
			};
			buildConfigurationList = 47D817D22A65EECC00B63EC9 /* Build configuration list for PBXProject "sample-app-ios" */;
			compatibilityVersion = "Xcode 14.0";
			developmentRegion = en;
			hasScannedForEncodings = 0;
			knownRegions = (
				en,
				Base,
			);
			mainGroup = 47D817CE2A65EECC00B63EC9;
			productRefGroup = 47D817D82A65EECC00B63EC9 /* Products */;
			projectDirPath = "";
			projectRoot = "";
			targets = (
				47D817D62A65EECC00B63EC9 /* sample-app-ios */,
				47D817E62A65EECD00B63EC9 /* sample-app-iosTests */,
				47D817F02A65EECD00B63EC9 /* sample-app-iosUITests */,
			);
		};
/* End PBXProject section */

/* Begin PBXResourcesBuildPhase section */
		47D817D52A65EECC00B63EC9 /* Resources */ = {
			isa = PBXResourcesBuildPhase;
			buildActionMask = 2147483647;
			files = (
				47D817E22A65EECD00B63EC9 /* Preview Assets.xcassets in Resources */,
				47D817DF2A65EECD00B63EC9 /* Assets.xcassets in Resources */,
			);
			runOnlyForDeploymentPostprocessing = 0;
		};
		47D817E52A65EECD00B63EC9 /* Resources */ = {
			isa = PBXResourcesBuildPhase;
			buildActionMask = 2147483647;
			files = (
			);
			runOnlyForDeploymentPostprocessing = 0;
		};
		47D817EF2A65EECD00B63EC9 /* Resources */ = {
			isa = PBXResourcesBuildPhase;
			buildActionMask = 2147483647;
			files = (
			);
			runOnlyForDeploymentPostprocessing = 0;
		};
/* End PBXResourcesBuildPhase section */

/* Begin PBXShellScriptBuildPhase section */
		0CE54C54EC0878BDE3FEC7A2 /* [CP] Check Pods Manifest.lock */ = {
			isa = PBXShellScriptBuildPhase;
			buildActionMask = 2147483647;
			files = (
			);
			inputFileListPaths = (
			);
			inputPaths = (
				"${PODS_PODFILE_DIR_PATH}/Podfile.lock",
				"${PODS_ROOT}/Manifest.lock",
			);
			name = "[CP] Check Pods Manifest.lock";
			outputFileListPaths = (
			);
			outputPaths = (
				"$(DERIVED_FILE_DIR)/Pods-sample-app-ios-checkManifestLockResult.txt",
			);
			runOnlyForDeploymentPostprocessing = 0;
			shellPath = /bin/sh;
			shellScript = "diff \"${PODS_PODFILE_DIR_PATH}/Podfile.lock\" \"${PODS_ROOT}/Manifest.lock\" > /dev/null\nif [ $? != 0 ] ; then\n    # print error to STDERR\n    echo \"error: The sandbox is not in sync with the Podfile.lock. Run 'pod install' or update your CocoaPods installation.\" >&2\n    exit 1\nfi\n# This output is used by Xcode 'outputs' to avoid re-running this script phase.\necho \"SUCCESS\" > \"${SCRIPT_OUTPUT_FILE_0}\"\n";
			showEnvVarsInLog = 0;
		};
		0D00987EA7FA2C36E4D87CDA /* [CP] Check Pods Manifest.lock */ = {
			isa = PBXShellScriptBuildPhase;
			buildActionMask = 2147483647;
			files = (
			);
			inputFileListPaths = (
			);
			inputPaths = (
				"${PODS_PODFILE_DIR_PATH}/Podfile.lock",
				"${PODS_ROOT}/Manifest.lock",
			);
			name = "[CP] Check Pods Manifest.lock";
			outputFileListPaths = (
			);
			outputPaths = (
				"$(DERIVED_FILE_DIR)/Pods-sample-app-ios-sample-app-iosUITests-checkManifestLockResult.txt",
			);
			runOnlyForDeploymentPostprocessing = 0;
			shellPath = /bin/sh;
			shellScript = "diff \"${PODS_PODFILE_DIR_PATH}/Podfile.lock\" \"${PODS_ROOT}/Manifest.lock\" > /dev/null\nif [ $? != 0 ] ; then\n    # print error to STDERR\n    echo \"error: The sandbox is not in sync with the Podfile.lock. Run 'pod install' or update your CocoaPods installation.\" >&2\n    exit 1\nfi\n# This output is used by Xcode 'outputs' to avoid re-running this script phase.\necho \"SUCCESS\" > \"${SCRIPT_OUTPUT_FILE_0}\"\n";
			showEnvVarsInLog = 0;
		};
		E1FB8E3E15BABFAF4901459B /* [CP] Check Pods Manifest.lock */ = {
			isa = PBXShellScriptBuildPhase;
			buildActionMask = 2147483647;
			files = (
			);
			inputFileListPaths = (
			);
			inputPaths = (
				"${PODS_PODFILE_DIR_PATH}/Podfile.lock",
				"${PODS_ROOT}/Manifest.lock",
			);
			name = "[CP] Check Pods Manifest.lock";
			outputFileListPaths = (
			);
			outputPaths = (
				"$(DERIVED_FILE_DIR)/Pods-sample-app-iosTests-checkManifestLockResult.txt",
			);
			runOnlyForDeploymentPostprocessing = 0;
			shellPath = /bin/sh;
			shellScript = "diff \"${PODS_PODFILE_DIR_PATH}/Podfile.lock\" \"${PODS_ROOT}/Manifest.lock\" > /dev/null\nif [ $? != 0 ] ; then\n    # print error to STDERR\n    echo \"error: The sandbox is not in sync with the Podfile.lock. Run 'pod install' or update your CocoaPods installation.\" >&2\n    exit 1\nfi\n# This output is used by Xcode 'outputs' to avoid re-running this script phase.\necho \"SUCCESS\" > \"${SCRIPT_OUTPUT_FILE_0}\"\n";
			showEnvVarsInLog = 0;
		};
/* End PBXShellScriptBuildPhase section */

/* Begin PBXSourcesBuildPhase section */
		47D817D32A65EECC00B63EC9 /* Sources */ = {
			isa = PBXSourcesBuildPhase;
			buildActionMask = 2147483647;
			files = (
				4783EEDD2A6726C800719C41 /* TextWidgetsWrapper.swift in Sources */,
				4783EEDB2A67264E00719C41 /* LoadingIndicatorsWrappers.swift in Sources */,
				47D817DD2A65EECC00B63EC9 /* ContentView.swift in Sources */,
				47D817DB2A65EECC00B63EC9 /* sample_app_iosApp.swift in Sources */,
				47AB23AE2A6981F4004EE5C7 /* SimpleScreenWrapper.swift in Sources */,
			);
			runOnlyForDeploymentPostprocessing = 0;
		};
		47D817E32A65EECD00B63EC9 /* Sources */ = {
			isa = PBXSourcesBuildPhase;
			buildActionMask = 2147483647;
			files = (
				47D817EC2A65EECD00B63EC9 /* sample_app_iosTests.swift in Sources */,
			);
			runOnlyForDeploymentPostprocessing = 0;
		};
		47D817ED2A65EECD00B63EC9 /* Sources */ = {
			isa = PBXSourcesBuildPhase;
			buildActionMask = 2147483647;
			files = (
				47D817F82A65EECD00B63EC9 /* sample_app_iosUITestsLaunchTests.swift in Sources */,
				47D817F62A65EECD00B63EC9 /* sample_app_iosUITests.swift in Sources */,
			);
			runOnlyForDeploymentPostprocessing = 0;
		};
/* End PBXSourcesBuildPhase section */

/* Begin PBXTargetDependency section */
		47D817E92A65EECD00B63EC9 /* PBXTargetDependency */ = {
			isa = PBXTargetDependency;
			target = 47D817D62A65EECC00B63EC9 /* sample-app-ios */;
			targetProxy = 47D817E82A65EECD00B63EC9 /* PBXContainerItemProxy */;
		};
		47D817F32A65EECD00B63EC9 /* PBXTargetDependency */ = {
			isa = PBXTargetDependency;
			target = 47D817D62A65EECC00B63EC9 /* sample-app-ios */;
			targetProxy = 47D817F22A65EECD00B63EC9 /* PBXContainerItemProxy */;
		};
/* End PBXTargetDependency section */

/* Begin XCBuildConfiguration section */
		47D817F92A65EECD00B63EC9 /* Debug */ = {
			isa = XCBuildConfiguration;
			buildSettings = {
				ALWAYS_SEARCH_USER_PATHS = NO;
				CLANG_ANALYZER_NONNULL = YES;
				CLANG_ANALYZER_NUMBER_OBJECT_CONVERSION = YES_AGGRESSIVE;
				CLANG_CXX_LANGUAGE_STANDARD = "gnu++20";
				CLANG_ENABLE_MODULES = YES;
				CLANG_ENABLE_OBJC_ARC = YES;
				CLANG_ENABLE_OBJC_WEAK = YES;
				CLANG_WARN_BLOCK_CAPTURE_AUTORELEASING = YES;
				CLANG_WARN_BOOL_CONVERSION = YES;
				CLANG_WARN_COMMA = YES;
				CLANG_WARN_CONSTANT_CONVERSION = YES;
				CLANG_WARN_DEPRECATED_OBJC_IMPLEMENTATIONS = YES;
				CLANG_WARN_DIRECT_OBJC_ISA_USAGE = YES_ERROR;
				CLANG_WARN_DOCUMENTATION_COMMENTS = YES;
				CLANG_WARN_EMPTY_BODY = YES;
				CLANG_WARN_ENUM_CONVERSION = YES;
				CLANG_WARN_INFINITE_RECURSION = YES;
				CLANG_WARN_INT_CONVERSION = YES;
				CLANG_WARN_NON_LITERAL_NULL_CONVERSION = YES;
				CLANG_WARN_OBJC_IMPLICIT_RETAIN_SELF = YES;
				CLANG_WARN_OBJC_LITERAL_CONVERSION = YES;
				CLANG_WARN_OBJC_ROOT_CLASS = YES_ERROR;
				CLANG_WARN_QUOTED_INCLUDE_IN_FRAMEWORK_HEADER = YES;
				CLANG_WARN_RANGE_LOOP_ANALYSIS = YES;
				CLANG_WARN_STRICT_PROTOTYPES = YES;
				CLANG_WARN_SUSPICIOUS_MOVE = YES;
				CLANG_WARN_UNGUARDED_AVAILABILITY = YES_AGGRESSIVE;
				CLANG_WARN_UNREACHABLE_CODE = YES;
				CLANG_WARN__DUPLICATE_METHOD_MATCH = YES;
				COPY_PHASE_STRIP = NO;
				DEBUG_INFORMATION_FORMAT = dwarf;
				ENABLE_STRICT_OBJC_MSGSEND = YES;
				ENABLE_TESTABILITY = YES;
				GCC_C_LANGUAGE_STANDARD = gnu11;
				GCC_DYNAMIC_NO_PIC = NO;
				GCC_NO_COMMON_BLOCKS = YES;
				GCC_OPTIMIZATION_LEVEL = 0;
				GCC_PREPROCESSOR_DEFINITIONS = (
					"DEBUG=1",
					"$(inherited)",
				);
				GCC_WARN_64_TO_32_BIT_CONVERSION = YES;
				GCC_WARN_ABOUT_RETURN_TYPE = YES_ERROR;
				GCC_WARN_UNDECLARED_SELECTOR = YES;
				GCC_WARN_UNINITIALIZED_AUTOS = YES_AGGRESSIVE;
				GCC_WARN_UNUSED_FUNCTION = YES;
				GCC_WARN_UNUSED_VARIABLE = YES;
				IPHONEOS_DEPLOYMENT_TARGET = 16.1;
				MTL_ENABLE_DEBUG_INFO = INCLUDE_SOURCE;
				MTL_FAST_MATH = YES;
				ONLY_ACTIVE_ARCH = YES;
				SDKROOT = iphoneos;
				SWIFT_ACTIVE_COMPILATION_CONDITIONS = DEBUG;
				SWIFT_OPTIMIZATION_LEVEL = "-Onone";
			};
			name = Debug;
		};
		47D817FA2A65EECD00B63EC9 /* Release */ = {
			isa = XCBuildConfiguration;
			buildSettings = {
				ALWAYS_SEARCH_USER_PATHS = NO;
				CLANG_ANALYZER_NONNULL = YES;
				CLANG_ANALYZER_NUMBER_OBJECT_CONVERSION = YES_AGGRESSIVE;
				CLANG_CXX_LANGUAGE_STANDARD = "gnu++20";
				CLANG_ENABLE_MODULES = YES;
				CLANG_ENABLE_OBJC_ARC = YES;
				CLANG_ENABLE_OBJC_WEAK = YES;
				CLANG_WARN_BLOCK_CAPTURE_AUTORELEASING = YES;
				CLANG_WARN_BOOL_CONVERSION = YES;
				CLANG_WARN_COMMA = YES;
				CLANG_WARN_CONSTANT_CONVERSION = YES;
				CLANG_WARN_DEPRECATED_OBJC_IMPLEMENTATIONS = YES;
				CLANG_WARN_DIRECT_OBJC_ISA_USAGE = YES_ERROR;
				CLANG_WARN_DOCUMENTATION_COMMENTS = YES;
				CLANG_WARN_EMPTY_BODY = YES;
				CLANG_WARN_ENUM_CONVERSION = YES;
				CLANG_WARN_INFINITE_RECURSION = YES;
				CLANG_WARN_INT_CONVERSION = YES;
				CLANG_WARN_NON_LITERAL_NULL_CONVERSION = YES;
				CLANG_WARN_OBJC_IMPLICIT_RETAIN_SELF = YES;
				CLANG_WARN_OBJC_LITERAL_CONVERSION = YES;
				CLANG_WARN_OBJC_ROOT_CLASS = YES_ERROR;
				CLANG_WARN_QUOTED_INCLUDE_IN_FRAMEWORK_HEADER = YES;
				CLANG_WARN_RANGE_LOOP_ANALYSIS = YES;
				CLANG_WARN_STRICT_PROTOTYPES = YES;
				CLANG_WARN_SUSPICIOUS_MOVE = YES;
				CLANG_WARN_UNGUARDED_AVAILABILITY = YES_AGGRESSIVE;
				CLANG_WARN_UNREACHABLE_CODE = YES;
				CLANG_WARN__DUPLICATE_METHOD_MATCH = YES;
				COPY_PHASE_STRIP = NO;
				DEBUG_INFORMATION_FORMAT = "dwarf-with-dsym";
				ENABLE_NS_ASSERTIONS = NO;
				ENABLE_STRICT_OBJC_MSGSEND = YES;
				GCC_C_LANGUAGE_STANDARD = gnu11;
				GCC_NO_COMMON_BLOCKS = YES;
				GCC_WARN_64_TO_32_BIT_CONVERSION = YES;
				GCC_WARN_ABOUT_RETURN_TYPE = YES_ERROR;
				GCC_WARN_UNDECLARED_SELECTOR = YES;
				GCC_WARN_UNINITIALIZED_AUTOS = YES_AGGRESSIVE;
				GCC_WARN_UNUSED_FUNCTION = YES;
				GCC_WARN_UNUSED_VARIABLE = YES;
				IPHONEOS_DEPLOYMENT_TARGET = 16.1;
				MTL_ENABLE_DEBUG_INFO = NO;
				MTL_FAST_MATH = YES;
				SDKROOT = iphoneos;
				SWIFT_COMPILATION_MODE = wholemodule;
				SWIFT_OPTIMIZATION_LEVEL = "-O";
				VALIDATE_PRODUCT = YES;
			};
			name = Release;
		};
		47D817FC2A65EECD00B63EC9 /* Debug */ = {
			isa = XCBuildConfiguration;
			baseConfigurationReference = 0F498C73A71C19CD64937C1D /* Pods-sample-app-ios.debug.xcconfig */;
			buildSettings = {
				ASSETCATALOG_COMPILER_APPICON_NAME = AppIcon;
				ASSETCATALOG_COMPILER_GLOBAL_ACCENT_COLOR_NAME = AccentColor;
				CODE_SIGN_STYLE = Automatic;
				CURRENT_PROJECT_VERSION = 1;
				DEVELOPMENT_ASSET_PATHS = "\"sample-app-ios/Preview Content\"";
				DEVELOPMENT_TEAM = PNFS5E528N;
				ENABLE_PREVIEWS = YES;
				GENERATE_INFOPLIST_FILE = YES;
				INFOPLIST_KEY_UIApplicationSceneManifest_Generation = YES;
				INFOPLIST_KEY_UIApplicationSupportsIndirectInputEvents = YES;
				INFOPLIST_KEY_UILaunchScreen_Generation = YES;
				INFOPLIST_KEY_UISupportedInterfaceOrientations_iPad = "UIInterfaceOrientationPortrait UIInterfaceOrientationPortraitUpsideDown UIInterfaceOrientationLandscapeLeft UIInterfaceOrientationLandscapeRight";
				INFOPLIST_KEY_UISupportedInterfaceOrientations_iPhone = "UIInterfaceOrientationPortrait UIInterfaceOrientationLandscapeLeft UIInterfaceOrientationLandscapeRight";
				LD_RUNPATH_SEARCH_PATHS = (
					"$(inherited)",
					"@executable_path/Frameworks",
				);
				MARKETING_VERSION = 1.0;
				PRODUCT_BUNDLE_IDENTIFIER = "com.more.ios.sample-app-ios";
				PRODUCT_NAME = "$(TARGET_NAME)";
				SWIFT_EMIT_LOC_STRINGS = YES;
				SWIFT_VERSION = 5.0;
				TARGETED_DEVICE_FAMILY = "1,2";
			};
			name = Debug;
		};
		47D817FD2A65EECD00B63EC9 /* Release */ = {
			isa = XCBuildConfiguration;
			baseConfigurationReference = F10B1F31B6A62D25261C23F0 /* Pods-sample-app-ios.release.xcconfig */;
			buildSettings = {
				ASSETCATALOG_COMPILER_APPICON_NAME = AppIcon;
				ASSETCATALOG_COMPILER_GLOBAL_ACCENT_COLOR_NAME = AccentColor;
				CODE_SIGN_STYLE = Automatic;
				CURRENT_PROJECT_VERSION = 1;
				DEVELOPMENT_ASSET_PATHS = "\"sample-app-ios/Preview Content\"";
				DEVELOPMENT_TEAM = PNFS5E528N;
				ENABLE_PREVIEWS = YES;
				GENERATE_INFOPLIST_FILE = YES;
				INFOPLIST_KEY_UIApplicationSceneManifest_Generation = YES;
				INFOPLIST_KEY_UIApplicationSupportsIndirectInputEvents = YES;
				INFOPLIST_KEY_UILaunchScreen_Generation = YES;
				INFOPLIST_KEY_UISupportedInterfaceOrientations_iPad = "UIInterfaceOrientationPortrait UIInterfaceOrientationPortraitUpsideDown UIInterfaceOrientationLandscapeLeft UIInterfaceOrientationLandscapeRight";
				INFOPLIST_KEY_UISupportedInterfaceOrientations_iPhone = "UIInterfaceOrientationPortrait UIInterfaceOrientationLandscapeLeft UIInterfaceOrientationLandscapeRight";
				LD_RUNPATH_SEARCH_PATHS = (
					"$(inherited)",
					"@executable_path/Frameworks",
				);
				MARKETING_VERSION = 1.0;
				PRODUCT_BUNDLE_IDENTIFIER = "com.more.ios.sample-app-ios";
				PRODUCT_NAME = "$(TARGET_NAME)";
				SWIFT_EMIT_LOC_STRINGS = YES;
				SWIFT_VERSION = 5.0;
				TARGETED_DEVICE_FAMILY = "1,2";
			};
			name = Release;
		};
		47D817FF2A65EECD00B63EC9 /* Debug */ = {
			isa = XCBuildConfiguration;
			baseConfigurationReference = 61D9057760E045C4ACC1373F /* Pods-sample-app-iosTests.debug.xcconfig */;
			buildSettings = {
				ALWAYS_EMBED_SWIFT_STANDARD_LIBRARIES = YES;
				BUNDLE_LOADER = "$(TEST_HOST)";
				CODE_SIGN_STYLE = Automatic;
				CURRENT_PROJECT_VERSION = 1;
				DEVELOPMENT_TEAM = PNFS5E528N;
				GENERATE_INFOPLIST_FILE = YES;
				IPHONEOS_DEPLOYMENT_TARGET = 16.1;
				MARKETING_VERSION = 1.0;
				PRODUCT_BUNDLE_IDENTIFIER = "com.more.ios.sample-app-iosTests";
				PRODUCT_NAME = "$(TARGET_NAME)";
				SWIFT_EMIT_LOC_STRINGS = NO;
				SWIFT_VERSION = 5.0;
				TARGETED_DEVICE_FAMILY = "1,2";
				TEST_HOST = "$(BUILT_PRODUCTS_DIR)/sample-app-ios.app/$(BUNDLE_EXECUTABLE_FOLDER_PATH)/sample-app-ios";
			};
			name = Debug;
		};
		47D818002A65EECD00B63EC9 /* Release */ = {
			isa = XCBuildConfiguration;
			baseConfigurationReference = F81977EFEA94C26F049DD925 /* Pods-sample-app-iosTests.release.xcconfig */;
			buildSettings = {
				ALWAYS_EMBED_SWIFT_STANDARD_LIBRARIES = YES;
				BUNDLE_LOADER = "$(TEST_HOST)";
				CODE_SIGN_STYLE = Automatic;
				CURRENT_PROJECT_VERSION = 1;
				DEVELOPMENT_TEAM = PNFS5E528N;
				GENERATE_INFOPLIST_FILE = YES;
				IPHONEOS_DEPLOYMENT_TARGET = 16.1;
				MARKETING_VERSION = 1.0;
				PRODUCT_BUNDLE_IDENTIFIER = "com.more.ios.sample-app-iosTests";
				PRODUCT_NAME = "$(TARGET_NAME)";
				SWIFT_EMIT_LOC_STRINGS = NO;
				SWIFT_VERSION = 5.0;
				TARGETED_DEVICE_FAMILY = "1,2";
				TEST_HOST = "$(BUILT_PRODUCTS_DIR)/sample-app-ios.app/$(BUNDLE_EXECUTABLE_FOLDER_PATH)/sample-app-ios";
			};
			name = Release;
		};
		47D818022A65EECD00B63EC9 /* Debug */ = {
			isa = XCBuildConfiguration;
			baseConfigurationReference = 05452263A974589304833811 /* Pods-sample-app-ios-sample-app-iosUITests.debug.xcconfig */;
			buildSettings = {
				ALWAYS_EMBED_SWIFT_STANDARD_LIBRARIES = YES;
				CODE_SIGN_STYLE = Automatic;
				CURRENT_PROJECT_VERSION = 1;
				DEVELOPMENT_TEAM = PNFS5E528N;
				GENERATE_INFOPLIST_FILE = YES;
				MARKETING_VERSION = 1.0;
				PRODUCT_BUNDLE_IDENTIFIER = "com.more.ios.sample-app-iosUITests";
				PRODUCT_NAME = "$(TARGET_NAME)";
				SWIFT_EMIT_LOC_STRINGS = NO;
				SWIFT_VERSION = 5.0;
				TARGETED_DEVICE_FAMILY = "1,2";
				TEST_TARGET_NAME = "sample-app-ios";
			};
			name = Debug;
		};
		47D818032A65EECD00B63EC9 /* Release */ = {
			isa = XCBuildConfiguration;
			baseConfigurationReference = 717F4199C6E997FC7E00EF3C /* Pods-sample-app-ios-sample-app-iosUITests.release.xcconfig */;
			buildSettings = {
				ALWAYS_EMBED_SWIFT_STANDARD_LIBRARIES = YES;
				CODE_SIGN_STYLE = Automatic;
				CURRENT_PROJECT_VERSION = 1;
				DEVELOPMENT_TEAM = PNFS5E528N;
				GENERATE_INFOPLIST_FILE = YES;
				MARKETING_VERSION = 1.0;
				PRODUCT_BUNDLE_IDENTIFIER = "com.more.ios.sample-app-iosUITests";
				PRODUCT_NAME = "$(TARGET_NAME)";
				SWIFT_EMIT_LOC_STRINGS = NO;
				SWIFT_VERSION = 5.0;
				TARGETED_DEVICE_FAMILY = "1,2";
				TEST_TARGET_NAME = "sample-app-ios";
			};
			name = Release;
		};
/* End XCBuildConfiguration section */

/* Begin XCConfigurationList section */
		47D817D22A65EECC00B63EC9 /* Build configuration list for PBXProject "sample-app-ios" */ = {
			isa = XCConfigurationList;
			buildConfigurations = (
				47D817F92A65EECD00B63EC9 /* Debug */,
				47D817FA2A65EECD00B63EC9 /* Release */,
			);
			defaultConfigurationIsVisible = 0;
			defaultConfigurationName = Release;
		};
		47D817FB2A65EECD00B63EC9 /* Build configuration list for PBXNativeTarget "sample-app-ios" */ = {
			isa = XCConfigurationList;
			buildConfigurations = (
				47D817FC2A65EECD00B63EC9 /* Debug */,
				47D817FD2A65EECD00B63EC9 /* Release */,
			);
			defaultConfigurationIsVisible = 0;
			defaultConfigurationName = Release;
		};
		47D817FE2A65EECD00B63EC9 /* Build configuration list for PBXNativeTarget "sample-app-iosTests" */ = {
			isa = XCConfigurationList;
			buildConfigurations = (
				47D817FF2A65EECD00B63EC9 /* Debug */,
				47D818002A65EECD00B63EC9 /* Release */,
			);
			defaultConfigurationIsVisible = 0;
			defaultConfigurationName = Release;
		};
		47D818012A65EECD00B63EC9 /* Build configuration list for PBXNativeTarget "sample-app-iosUITests" */ = {
			isa = XCConfigurationList;
			buildConfigurations = (
				47D818022A65EECD00B63EC9 /* Debug */,
				47D818032A65EECD00B63EC9 /* Release */,
			);
			defaultConfigurationIsVisible = 0;
			defaultConfigurationName = Release;
		};
/* End XCConfigurationList section */
	};
	rootObject = 47D817CF2A65EECC00B63EC9 /* Project object */;
}
